
Microsoft Visual Studio Solution File, Format Version 12.00
# Visual Studio Version 17
VisualStudioVersion = 17.13.35931.197
MinimumVisualStudioVersion = 10.0.40219.1
Project("{FAE04EC0-301F-11D3-BF4B-00C04F79EFBC}") = "OmegaFY.Chat.API.WebAPI", "src\OmegaFY.Chat.API.WebAPI\OmegaFY.Chat.API.WebAPI.csproj", "{43C497EB-91B2-4127-965A-659B6289EAC5}"
EndProject
Project("{FAE04EC0-301F-11D3-BF4B-00C04F79EFBC}") = "OmegaFY.Chat.API.Application", "src\OmegaFY.Chat.API.Application\OmegaFY.Chat.API.Application.csproj", "{5E3150B4-7E9A-4A7E-8290-B617C4483496}"
EndProject
Project("{FAE04EC0-301F-11D3-BF4B-00C04F79EFBC}") = "OmegaFY.Chat.API.Common", "src\OmegaFY.Chat.API.Common\OmegaFY.Chat.API.Common.csproj", "{F5897BEF-FF20-41DE-9F1E-D4083DFE66FA}"
EndProject
Project("{FAE04EC0-301F-11D3-BF4B-00C04F79EFBC}") = "OmegaFY.Chat.API.Domain", "src\OmegaFY.Chat.API.Domain\OmegaFY.Chat.API.Domain.csproj", "{4CEFC72A-BD2D-4386-AAAA-4305599F5C33}"
EndProject
Project("{FAE04EC0-301F-11D3-BF4B-00C04F79EFBC}") = "OmegaFY.Chat.API.Infra", "src\OmegaFY.Chat.API.Infra\OmegaFY.Chat.API.Infra.csproj", "{9F39636E-2B9D-41DD-98CE-F64498E30F0A}"
EndProject
Project("{2150E333-8FDC-42A3-9474-1A3956D46DE8}") = "0 - API", "0 - API", "{02EA681E-C7D8-13C7-8484-4AC65E1B71E8}"
EndProject
Project("{2150E333-8FDC-42A3-9474-1A3956D46DE8}") = "1 - Application", "1 - Application", "{369CB01D-A1A7-72D2-AABC-3F0945D148A2}"
EndProject
Project("{2150E333-8FDC-42A3-9474-1A3956D46DE8}") = "2 - Infra", "2 - Infra", "{7DC331D0-3EC4-40A6-69FB-1CBEB2E0D1EA}"
EndProject
Project("{2150E333-8FDC-42A3-9474-1A3956D46DE8}") = "3 - Data", "3 - Data", "{643747C7-0307-8931-84D8-A7D1915E22E5}"
EndProject
Project("{2150E333-8FDC-42A3-9474-1A3956D46DE8}") = "4 - Domain", "4 - Domain", "{C42C5372-AE47-4F34-A5B1-3FF15A9B5527}"
EndProject
Project("{2150E333-8FDC-42A3-9474-1A3956D46DE8}") = "7 - Tests", "7 - Tests", "{ACEDD0B1-2763-4CC0-9A77-5CB7597D2805}"
EndProject
Project("{2150E333-8FDC-42A3-9474-1A3956D46DE8}") = "9 - Shared", "9 - Shared", "{461FBB51-DEBE-494C-BB6D-0702101ADF02}"
EndProject
Project("{FAE04EC0-301F-11D3-BF4B-00C04F79EFBC}") = "OmegaFY.Chat.API.Tests.Unit", "test\OmegaFY.Chat.API.Tests.Unit\OmegaFY.Chat.API.Tests.Unit.csproj", "{737B1D12-291E-4779-8FC2-23D76AE469D7}"
EndProject
Project("{FAE04EC0-301F-11D3-BF4B-00C04F79EFBC}") = "OmegaFY.Chat.API.Data.EF", "src\OmegaFY.Chat.API.Data.EF\OmegaFY.Chat.API.Data.EF.csproj", "{C7AD18AD-B9E3-479A-8B28-B377AB51EF48}"
EndProject
Global
	GlobalSection(SolutionConfigurationPlatforms) = preSolution
		Debug|Any CPU = Debug|Any CPU
		Release|Any CPU = Release|Any CPU
	EndGlobalSection
	GlobalSection(ProjectConfigurationPlatforms) = postSolution
		{43C497EB-91B2-4127-965A-659B6289EAC5}.Debug|Any CPU.ActiveCfg = Debug|Any CPU
		{43C497EB-91B2-4127-965A-659B6289EAC5}.Debug|Any CPU.Build.0 = Debug|Any CPU
		{43C497EB-91B2-4127-965A-659B6289EAC5}.Release|Any CPU.ActiveCfg = Release|Any CPU
		{43C497EB-91B2-4127-965A-659B6289EAC5}.Release|Any CPU.Build.0 = Release|Any CPU
		{5E3150B4-7E9A-4A7E-8290-B617C4483496}.Debug|Any CPU.ActiveCfg = Debug|Any CPU
		{5E3150B4-7E9A-4A7E-8290-B617C4483496}.Debug|Any CPU.Build.0 = Debug|Any CPU
		{5E3150B4-7E9A-4A7E-8290-B617C4483496}.Release|Any CPU.ActiveCfg = Release|Any CPU
		{5E3150B4-7E9A-4A7E-8290-B617C4483496}.Release|Any CPU.Build.0 = Release|Any CPU
		{F5897BEF-FF20-41DE-9F1E-D4083DFE66FA}.Debug|Any CPU.ActiveCfg = Debug|Any CPU
		{F5897BEF-FF20-41DE-9F1E-D4083DFE66FA}.Debug|Any CPU.Build.0 = Debug|Any CPU
		{F5897BEF-FF20-41DE-9F1E-D4083DFE66FA}.Release|Any CPU.ActiveCfg = Release|Any CPU
		{F5897BEF-FF20-41DE-9F1E-D4083DFE66FA}.Release|Any CPU.Build.0 = Release|Any CPU
		{4CEFC72A-BD2D-4386-AAAA-4305599F5C33}.Debug|Any CPU.ActiveCfg = Debug|Any CPU
		{4CEFC72A-BD2D-4386-AAAA-4305599F5C33}.Debug|Any CPU.Build.0 = Debug|Any CPU
		{4CEFC72A-BD2D-4386-AAAA-4305599F5C33}.Release|Any CPU.ActiveCfg = Release|Any CPU
		{4CEFC72A-BD2D-4386-AAAA-4305599F5C33}.Release|Any CPU.Build.0 = Release|Any CPU
		{9F39636E-2B9D-41DD-98CE-F64498E30F0A}.Debug|Any CPU.ActiveCfg = Debug|Any CPU
		{9F39636E-2B9D-41DD-98CE-F64498E30F0A}.Debug|Any CPU.Build.0 = Debug|Any CPU
		{9F39636E-2B9D-41DD-98CE-F64498E30F0A}.Release|Any CPU.ActiveCfg = Release|Any CPU
		{9F39636E-2B9D-41DD-98CE-F64498E30F0A}.Release|Any CPU.Build.0 = Release|Any CPU
		{737B1D12-291E-4779-8FC2-23D76AE469D7}.Debug|Any CPU.ActiveCfg = Debug|Any CPU
		{737B1D12-291E-4779-8FC2-23D76AE469D7}.Debug|Any CPU.Build.0 = Debug|Any CPU
		{737B1D12-291E-4779-8FC2-23D76AE469D7}.Release|Any CPU.ActiveCfg = Release|Any CPU
		{737B1D12-291E-4779-8FC2-23D76AE469D7}.Release|Any CPU.Build.0 = Release|Any CPU
		{C7AD18AD-B9E3-479A-8B28-B377AB51EF48}.Debug|Any CPU.ActiveCfg = Debug|Any CPU
		{C7AD18AD-B9E3-479A-8B28-B377AB51EF48}.Debug|Any CPU.Build.0 = Debug|Any CPU
		{C7AD18AD-B9E3-479A-8B28-B377AB51EF48}.Release|Any CPU.ActiveCfg = Release|Any CPU
		{C7AD18AD-B9E3-479A-8B28-B377AB51EF48}.Release|Any CPU.Build.0 = Release|Any CPU
	EndGlobalSection
	GlobalSection(SolutionProperties) = preSolution
		HideSolutionNode = FALSE
	EndGlobalSection
	GlobalSection(NestedProjects) = preSolution
		{43C497EB-91B2-4127-965A-659B6289EAC5} = {02EA681E-C7D8-13C7-8484-4AC65E1B71E8}
		{5E3150B4-7E9A-4A7E-8290-B617C4483496} = {369CB01D-A1A7-72D2-AABC-3F0945D148A2}
		{F5897BEF-FF20-41DE-9F1E-D4083DFE66FA} = {461FBB51-DEBE-494C-BB6D-0702101ADF02}
		{4CEFC72A-BD2D-4386-AAAA-4305599F5C33} = {C42C5372-AE47-4F34-A5B1-3FF15A9B5527}
		{9F39636E-2B9D-41DD-98CE-F64498E30F0A} = {7DC331D0-3EC4-40A6-69FB-1CBEB2E0D1EA}
		{737B1D12-291E-4779-8FC2-23D76AE469D7} = {ACEDD0B1-2763-4CC0-9A77-5CB7597D2805}
		{C7AD18AD-B9E3-479A-8B28-B377AB51EF48} = {643747C7-0307-8931-84D8-A7D1915E22E5}
	EndGlobalSection
	GlobalSection(ExtensibilityGlobals) = postSolution
		SolutionGuid = {0F5E0E93-9783-4F31-A9B0-63967A0E72BD}
	EndGlobalSection
EndGlobal
